{
  "requires": true,
  "lockfileVersion": 1,
  "dependencies": {
    "@cld-apis/utils": {
      "version": "0.1.3",
      "resolved": "https://registry.npmjs.org/@cld-apis/utils/-/utils-0.1.3.tgz",
      "integrity": "sha512-e50vj4qE6PLYrado/ypwH+AVHwMRCevvpAz8sqDhRMow9MPiWNTuY9+jnLU8K/ewmX7rgdBsxxqBpMtF/OwhIw==",
      "requires": {
        "lodash.snakecase": "^4.1.1"
      }
    },
    "cloudinary-build-url": {
      "version": "0.2.1",
      "resolved": "https://registry.npmjs.org/cloudinary-build-url/-/cloudinary-build-url-0.2.1.tgz",
      "integrity": "sha512-uoUZNe/Leurov74HFbA1Os0P+GYVSHUvyb+X8HWWJTpTDXGmjibat9PdKayz9TdlGPQ8fClRbMPWpqT8o9zl+A==",
      "requires": {
        "@cld-apis/utils": "^0.1.3"
      }
    },
    "lodash.snakecase": {
      "version": "4.1.1",
      "resolved": "https://registry.npmjs.org/lodash.snakecase/-/lodash.snakecase-4.1.1.tgz",
      "integrity": "sha1-OdcUo1NXFHg3rv1ktdy7Fr7Nj40="
    }
  }
}
